<Solution>
  <Project Path="POSTTEST_1/POSTTEST_1.vbproj" />
  <Project Path="POSTTEST_2/POSTTEST_2.vbproj" Id="d95754f0-8b48-4671-a94a-efcf56e2758d" />
  <Project Path="POSTTEST_3/POSTTEST_3.vbproj" Id="9ec3a187-086b-4498-a885-cc09ea38d42a" />
  <Project Path="POSTTEST_4/POSTTEST_4.vbproj" Id="18258ac3-375e-410a-bfe9-88cd4200edee" />
  <Project Path="POSTTEST_5/POSTTEST_5.vbproj" Id="8e1bb0d2-9f3b-4e09-9224-24671605a436" />
  <Project Path="POSTTEST_6/POSTTEST_6.vbproj" Id="32b1ea5d-f927-4d09-9068-08dffd03ff45" />
</Solution>
